# THIS IS AN AUTOGENERATED FILE. DO NOT EDIT THIS FILE DIRECTLY.
# yarn lockfile v1


co@^4.6.0:
  version "4.6.0"
  resolved "https://registry.yarnpkg.com/co/-/co-4.6.0.tgz#6ea6bdf3d853ae54ccb8e47bfa0bf3f9031fb184"

flyd@^0.2.4:
  version "0.2.4"
  resolved "https://registry.yarnpkg.com/flyd/-/flyd-0.2.4.tgz#0414c837c34fae69b1277752cf004382effb9900"
  dependencies:
    ramda "^0.19.1"

isarray@0.0.1:
  version "0.0.1"
  resolved "https://registry.yarnpkg.com/isarray/-/isarray-0.0.1.tgz#8a18acfca9a8f4177e09abfc6038939b05d1eedf"

path-to-regexp@^1.7.0:
  version "1.7.0"
  resolved "https://registry.yarnpkg.com/path-to-regexp/-/path-to-regexp-1.7.0.tgz#59fde0f435badacba103a84e9d3bc64e96b9937d"
  dependencies:
    isarray "0.0.1"

ramda@^0.19.1:
  version "0.19.1"
  resolved "https://registry.yarnpkg.com/ramda/-/ramda-0.19.1.tgz#89c4ad697265ff6b1face9f286439e2520d6679c"

transducers.js@^0.3.2:
  version "0.3.2"
  resolved "https://registry.yarnpkg.com/transducers.js/-/transducers.js-0.3.2.tgz#78902ef755e0606cd2fdd1633912f1093c8a5432"
